# This file is automatically @generated by Cargo.
# It is not intended for manual editing.
version = 3

[[package]]
name = "cube"
version = "0.1.0"
dependencies = [
 "glam",
]

[[package]]
name = "glam"
version = "0.29.0"
source = "registry+https://github.com/rust-lang/crates.io-index"
checksum = "c28091a37a5d09b555cb6628fd954da299b536433834f5b8e59eba78e0cbbf8a"
